
Microsoft Visual Studio Solution File, Format Version 12.00
Project("{FAE04EC0-301F-11D3-BF4B-00C04F79EFBC}") = "Lab2MainUi", "Lab2MainUi\Lab2MainUi.csproj", "{BDDFA8BE-8D5A-4E48-872C-E6D14E9DF170}"
EndProject
Project("{FAE04EC0-301F-11D3-BF4B-00C04F79EFBC}") = "TALab2", "TALab2\TALab2.csproj", "{EC5096D9-FB2E-47C9-97E5-AAEC77714A4A}"
EndProject
Project("{FAE04EC0-301F-11D3-BF4B-00C04F79EFBC}") = "UnitTests", "TestProject1\UnitTests.csproj", "{2FA113F1-0297-4DAA-BCEA-0666A8282344}"
EndProject
Global
	GlobalSection(SolutionConfigurationPlatforms) = preSolution
		Debug|Any CPU = Debug|Any CPU
		Release|Any CPU = Release|Any CPU
	EndGlobalSection
	GlobalSection(ProjectConfigurationPlatforms) = postSolution
		{BDDFA8BE-8D5A-4E48-872C-E6D14E9DF170}.Debug|Any CPU.ActiveCfg = Debug|Any CPU
		{BDDFA8BE-8D5A-4E48-872C-E6D14E9DF170}.Debug|Any CPU.Build.0 = Debug|Any CPU
		{BDDFA8BE-8D5A-4E48-872C-E6D14E9DF170}.Release|Any CPU.ActiveCfg = Release|Any CPU
		{BDDFA8BE-8D5A-4E48-872C-E6D14E9DF170}.Release|Any CPU.Build.0 = Release|Any CPU
		{EC5096D9-FB2E-47C9-97E5-AAEC77714A4A}.Debug|Any CPU.ActiveCfg = Debug|Any CPU
		{EC5096D9-FB2E-47C9-97E5-AAEC77714A4A}.Debug|Any CPU.Build.0 = Debug|Any CPU
		{EC5096D9-FB2E-47C9-97E5-AAEC77714A4A}.Release|Any CPU.ActiveCfg = Release|Any CPU
		{EC5096D9-FB2E-47C9-97E5-AAEC77714A4A}.Release|Any CPU.Build.0 = Release|Any CPU
		{2FA113F1-0297-4DAA-BCEA-0666A8282344}.Debug|Any CPU.ActiveCfg = Debug|Any CPU
		{2FA113F1-0297-4DAA-BCEA-0666A8282344}.Debug|Any CPU.Build.0 = Debug|Any CPU
		{2FA113F1-0297-4DAA-BCEA-0666A8282344}.Release|Any CPU.ActiveCfg = Release|Any CPU
		{2FA113F1-0297-4DAA-BCEA-0666A8282344}.Release|Any CPU.Build.0 = Release|Any CPU
	EndGlobalSection
EndGlobal
