
Microsoft Visual Studio Solution File, Format Version 12.00
# Visual Studio Version 17
VisualStudioVersion = 17.8.34330.188
MinimumVisualStudioVersion = 10.0.40219.1
Project("{9A19103F-16F7-4668-BE54-9A1E7A4F7556}") = "TALab2", "TALab2\TALab2.csproj", "{EC5096D9-FB2E-47C9-97E5-AAEC77714A4A}"
EndProject
Project("{9A19103F-16F7-4668-BE54-9A1E7A4F7556}") = "UnitTests", "TestProject1\UnitTests.csproj", "{2FA113F1-0297-4DAA-BCEA-0666A8282344}"
EndProject
Project("{FAE04EC0-301F-11D3-BF4B-00C04F79EFBC}") = "BlazorApp2", "BlazorApp2\BlazorApp2.csproj", "{466C9E55-83EA-41D7-9000-ADE784D0816C}"
EndProject
Project("{FAE04EC0-301F-11D3-BF4B-00C04F79EFBC}") = "TaLab3", "TaLab3\TaLab3.csproj", "{850F6274-A1D3-4AB1-8AFE-0703F7E8C703}"
EndProject
Global
	GlobalSection(SolutionConfigurationPlatforms) = preSolution
		Debug|Any CPU = Debug|Any CPU
		Release|Any CPU = Release|Any CPU
	EndGlobalSection
	GlobalSection(ProjectConfigurationPlatforms) = postSolution
		{EC5096D9-FB2E-47C9-97E5-AAEC77714A4A}.Debug|Any CPU.ActiveCfg = Debug|Any CPU
		{EC5096D9-FB2E-47C9-97E5-AAEC77714A4A}.Debug|Any CPU.Build.0 = Debug|Any CPU
		{EC5096D9-FB2E-47C9-97E5-AAEC77714A4A}.Release|Any CPU.ActiveCfg = Release|Any CPU
		{EC5096D9-FB2E-47C9-97E5-AAEC77714A4A}.Release|Any CPU.Build.0 = Release|Any CPU
		{2FA113F1-0297-4DAA-BCEA-0666A8282344}.Debug|Any CPU.ActiveCfg = Debug|Any CPU
		{2FA113F1-0297-4DAA-BCEA-0666A8282344}.Debug|Any CPU.Build.0 = Debug|Any CPU
		{2FA113F1-0297-4DAA-BCEA-0666A8282344}.Release|Any CPU.ActiveCfg = Release|Any CPU
		{2FA113F1-0297-4DAA-BCEA-0666A8282344}.Release|Any CPU.Build.0 = Release|Any CPU
		{466C9E55-83EA-41D7-9000-ADE784D0816C}.Debug|Any CPU.ActiveCfg = Debug|Any CPU
		{466C9E55-83EA-41D7-9000-ADE784D0816C}.Debug|Any CPU.Build.0 = Debug|Any CPU
		{466C9E55-83EA-41D7-9000-ADE784D0816C}.Release|Any CPU.ActiveCfg = Release|Any CPU
		{466C9E55-83EA-41D7-9000-ADE784D0816C}.Release|Any CPU.Build.0 = Release|Any CPU
		{850F6274-A1D3-4AB1-8AFE-0703F7E8C703}.Debug|Any CPU.ActiveCfg = Debug|Any CPU
		{850F6274-A1D3-4AB1-8AFE-0703F7E8C703}.Debug|Any CPU.Build.0 = Debug|Any CPU
		{850F6274-A1D3-4AB1-8AFE-0703F7E8C703}.Release|Any CPU.ActiveCfg = Release|Any CPU
		{850F6274-A1D3-4AB1-8AFE-0703F7E8C703}.Release|Any CPU.Build.0 = Release|Any CPU
	EndGlobalSection
	GlobalSection(SolutionProperties) = preSolution
		HideSolutionNode = FALSE
	EndGlobalSection
	GlobalSection(ExtensibilityGlobals) = postSolution
		SolutionGuid = {0714ADF2-70ED-4631-AB28-FB760EB57CC1}
	EndGlobalSection
EndGlobal
